
Microsoft Visual Studio Solution File, Format Version 12.00
# Visual Studio Version 16
VisualStudioVersion = 16.0.31410.357
MinimumVisualStudioVersion = 10.0.40219.1
Project("{FAE04EC0-301F-11D3-BF4B-00C04F79EFBC}") = "Rocklan.SwaggerGen.Callbacks", "Rocklan.SwaggerGen.Callbacks\Rocklan.SwaggerGen.Callbacks.csproj", "{2EAF9EA8-9B16-41BD-95F5-569B2EF176FF}"
EndProject
Global
	GlobalSection(SolutionConfigurationPlatforms) = preSolution
		Debug|Any CPU = Debug|Any CPU
		Release|Any CPU = Release|Any CPU
	EndGlobalSection
	GlobalSection(ProjectConfigurationPlatforms) = postSolution
		{2EAF9EA8-9B16-41BD-95F5-569B2EF176FF}.Debug|Any CPU.ActiveCfg = Debug|Any CPU
		{2EAF9EA8-9B16-41BD-95F5-569B2EF176FF}.Debug|Any CPU.Build.0 = Debug|Any CPU
		{2EAF9EA8-9B16-41BD-95F5-569B2EF176FF}.Release|Any CPU.ActiveCfg = Release|Any CPU
		{2EAF9EA8-9B16-41BD-95F5-569B2EF176FF}.Release|Any CPU.Build.0 = Release|Any CPU
	EndGlobalSection
	GlobalSection(SolutionProperties) = preSolution
		HideSolutionNode = FALSE
	EndGlobalSection
	GlobalSection(ExtensibilityGlobals) = postSolution
		SolutionGuid = {B404D6AC-F347-43D8-B438-ADD8A7EFDD53}
	EndGlobalSection
EndGlobal
